
Microsoft Visual Studio Solution File, Format Version 12.00
# Visual Studio Version 17
VisualStudioVersion = 17.11.35222.181
MinimumVisualStudioVersion = 10.0.40219.1
Project("{9A19103F-16F7-4668-BE54-9A1E7A4F7556}") = "AuthenticationService", "SimHealth\AuthenticationService.csproj", "{8AAE1984-0E21-499D-BF50-DD2BA26E5020}"
EndProject
Global
	GlobalSection(SolutionConfigurationPlatforms) = preSolution
		Debug|Any CPU = Debug|Any CPU
		Release|Any CPU = Release|Any CPU
	EndGlobalSection
	GlobalSection(ProjectConfigurationPlatforms) = postSolution
		{8AAE1984-0E21-499D-BF50-DD2BA26E5020}.Debug|Any CPU.ActiveCfg = Debug|Any CPU
		{8AAE1984-0E21-499D-BF50-DD2BA26E5020}.Debug|Any CPU.Build.0 = Debug|Any CPU
		{8AAE1984-0E21-499D-BF50-DD2BA26E5020}.Release|Any CPU.ActiveCfg = Release|Any CPU
		{8AAE1984-0E21-499D-BF50-DD2BA26E5020}.Release|Any CPU.Build.0 = Release|Any CPU
	EndGlobalSection
	GlobalSection(SolutionProperties) = preSolution
		HideSolutionNode = FALSE
	EndGlobalSection
	GlobalSection(ExtensibilityGlobals) = postSolution
		SolutionGuid = {1546B68B-AAB8-49EB-AB92-CE6AFC5F6F70}
	EndGlobalSection
EndGlobal
